{
  "name": "presentation",
  "version": "1.0.0",
  "lockfileVersion": 1,
  "requires": true,
  "dependencies": {
    "@tensorflow/tfjs": {
      "version": "1.0.4",
      "resolved": "https://registry.npmjs.org/@tensorflow/tfjs/-/tfjs-1.0.4.tgz",
      "integrity": "sha512-lTKYfk8VHG/acun7xRWz/A8FFsf2FK6aI0TvKrenmiaW4OZue8BYrFNbhLKdscSaEGvYZ7/RFWaOQkA2nrcI3Q==",
      "requires": {
        "@tensorflow/tfjs-converter": "1.0.4",
        "@tensorflow/tfjs-core": "1.0.4",
        "@tensorflow/tfjs-data": "1.0.4",
        "@tensorflow/tfjs-layers": "1.0.4"
      }
    },
    "@tensorflow/tfjs-converter": {
      "version": "1.0.4",
      "resolved": "https://registry.npmjs.org/@tensorflow/tfjs-converter/-/tfjs-converter-1.0.4.tgz",
      "integrity": "sha512-r619cIleJy9btVN12KoFCi0HIgi4qzzgxjxQCDxaVgi7Axas7MwBtAKGTZppR4+eK7eLOVYT1ah95JUDdFNGRw=="
    },
    "@tensorflow/tfjs-core": {
      "version": "1.0.4",
      "resolved": "https://registry.npmjs.org/@tensorflow/tfjs-core/-/tfjs-core-1.0.4.tgz",
      "integrity": "sha512-PpdrCozkvRx3hFyHogZFjbZUmE1t/SB/iiE8yj195aCy3X2D8T66+aLS2iUkdU2tr+1bccyvPkBktwX6/lKtAw==",
      "requires": {
        "@types/seedrandom": "2.4.27",
        "@types/webgl-ext": "0.0.30",
        "@types/webgl2": "0.0.4",
        "seedrandom": "2.4.3"
      }
    },
    "@tensorflow/tfjs-data": {
      "version": "1.0.4",
      "resolved": "https://registry.npmjs.org/@tensorflow/tfjs-data/-/tfjs-data-1.0.4.tgz",
      "integrity": "sha512-Rf7M8ctirYfuKh+hu96pXi6g6yChEEELOvlCa1ta4JWqbQhpsu77DL7SrEtKeWzL+aD/GdCxmwuyofSnRSO7JA==",
      "requires": {
        "@types/node-fetch": "^2.1.2",
        "node-fetch": "~2.1.2"
      }
    },
    "@tensorflow/tfjs-layers": {
      "version": "1.0.4",
      "resolved": "https://registry.npmjs.org/@tensorflow/tfjs-layers/-/tfjs-layers-1.0.4.tgz",
      "integrity": "sha512-X/iH0dh7AODZO1k44cx0YO19kHAItgUc9LEf5ZYH7bWaqrL0O+J4JYONqW5xzjLHunOFkKsvtNvZi9hIyemjGA=="
    },
    "@tensorflow/tfjs-node": {
      "version": "1.0.3",
      "resolved": "https://registry.npmjs.org/@tensorflow/tfjs-node/-/tfjs-node-1.0.3.tgz",
      "integrity": "sha512-yirB3J2TOEseSs4SU0Jjq7tyM+fRBWbcos2TY1sEDyslbB6IF9jzyUyGsZESAmIXXMecHDB/TXa2Nb/R7Adkbw==",
      "requires": {
        "@tensorflow/tfjs": "~1.0.3",
        "adm-zip": "^0.4.11",
        "bindings": "~1.3.0",
        "https-proxy-agent": "^2.2.1",
        "node-fetch": "^2.3.0",
        "progress": "^2.0.0",
        "rimraf": "^2.6.2",
        "tar": "^4.4.6"
      },
      "dependencies": {
        "node-fetch": {
          "version": "2.3.0",
          "resolved": "https://registry.npmjs.org/node-fetch/-/node-fetch-2.3.0.tgz",
          "integrity": "sha512-MOd8pV3fxENbryESLgVIeaGKrdl+uaYhCSSVkjeOb/31/njTpcis5aWfdqgNlHIrKOLRbMnfPINPOML2CIFeXA=="
        }
      }
    },
    "@types/node": {
      "version": "11.13.4",
      "resolved": "https://registry.npmjs.org/@types/node/-/node-11.13.4.tgz",
      "integrity": "sha512-+rabAZZ3Yn7tF/XPGHupKIL5EcAbrLxnTr/hgQICxbeuAfWtT0UZSfULE+ndusckBItcv4o6ZeOJplQikVcLvQ=="
    },
    "@types/node-fetch": {
      "version": "2.3.1",
      "resolved": "https://registry.npmjs.org/@types/node-fetch/-/node-fetch-2.3.1.tgz",
      "integrity": "sha512-ZEiga4pDXtViK6SZKEXZ/86tiyI3tV8BJWvI9aj2WiRvs0TbX38aLFe9WecMhBmMF3BQpOJJGJM1Cvd7W2y2yg==",
      "requires": {
        "@types/node": "*"
      }
    },
    "@types/seedrandom": {
      "version": "2.4.27",
      "resolved": "https://registry.npmjs.org/@types/seedrandom/-/seedrandom-2.4.27.tgz",
      "integrity": "sha1-nbVjk33YaRX2kJK8QyWdL0hXjkE="
    },
    "@types/webgl-ext": {
      "version": "0.0.30",
      "resolved": "https://registry.npmjs.org/@types/webgl-ext/-/webgl-ext-0.0.30.tgz",
      "integrity": "sha512-LKVgNmBxN0BbljJrVUwkxwRYqzsAEPcZOe6S2T6ZaBDIrFp0qu4FNlpc5sM1tGbXUYFgdVQIoeLk1Y1UoblyEg=="
    },
    "@types/webgl2": {
      "version": "0.0.4",
      "resolved": "https://registry.npmjs.org/@types/webgl2/-/webgl2-0.0.4.tgz",
      "integrity": "sha512-PACt1xdErJbMUOUweSrbVM7gSIYm1vTncW2hF6Os/EeWi6TXYAYMPp+8v6rzHmypE5gHrxaxZNXgMkJVIdZpHw=="
    },
    "acorn": {
      "version": "5.7.3",
      "resolved": "https://registry.npmjs.org/acorn/-/acorn-5.7.3.tgz",
      "integrity": "sha512-T/zvzYRfbVojPWahDsE5evJdHb3oJoQfFbsrKM7w5Zcs++Tr257tia3BmMP8XYVjp1S9RZXQMh7gao96BlqZOw=="
    },
    "adm-zip": {
      "version": "0.4.13",
      "resolved": "https://registry.npmjs.org/adm-zip/-/adm-zip-0.4.13.tgz",
      "integrity": "sha512-fERNJX8sOXfel6qCBCMPvZLzENBEhZTzKqg6vrOW5pvoEaQuJhRU4ndTAh6lHOxn1I6jnz2NHra56ZODM751uw=="
    },
    "agent-base": {
      "version": "4.2.1",
      "resolved": "https://registry.npmjs.org/agent-base/-/agent-base-4.2.1.tgz",
      "integrity": "sha512-JVwXMr9nHYTUXsBFKUqhJwvlcYU/blreOEUkhNR2eXZIvwd+c+o5V4MgDPKWnMS/56awN3TRzIP+KoPn+roQtg==",
      "requires": {
        "es6-promisify": "^5.0.0"
      }
    },
    "align-text": {
      "version": "0.1.4",
      "resolved": "https://registry.npmjs.org/align-text/-/align-text-0.1.4.tgz",
      "integrity": "sha1-DNkKVhCT810KmSVsIrcGlDP60Rc=",
      "requires": {
        "kind-of": "^3.0.2",
        "longest": "^1.0.1",
        "repeat-string": "^1.5.2"
      }
    },
    "amdefine": {
      "version": "1.0.1",
      "resolved": "https://registry.npmjs.org/amdefine/-/amdefine-1.0.1.tgz",
      "integrity": "sha1-SlKCrBZHKek2Gbz9OtFR+BfOkfU=",
      "optional": true
    },
    "apply-colormap": {
      "version": "1.0.1",
      "resolved": "https://registry.npmjs.org/apply-colormap/-/apply-colormap-1.0.1.tgz",
      "integrity": "sha1-j7lcVnWC9wwAArKCa7ucybbPTQM=",
      "requires": {
        "colormap": "^1.2.2",
        "cwise": "^1.0.0",
        "ndarray": "^1.0.13",
        "ndarray-ops": "^1.2.1"
      }
    },
    "arraytools": {
      "version": "1.1.2",
      "resolved": "https://registry.npmjs.org/arraytools/-/arraytools-1.1.2.tgz",
      "integrity": "sha1-QQ+OgTe2dHXlPBkYVy542JPxH78="
    },
    "balanced-match": {
      "version": "1.0.0",
      "resolved": "https://registry.npmjs.org/balanced-match/-/balanced-match-1.0.0.tgz",
      "integrity": "sha1-ibTRmasr7kneFk6gK4nORi1xt2c="
    },
    "bindings": {
      "version": "1.3.1",
      "resolved": "https://registry.npmjs.org/bindings/-/bindings-1.3.1.tgz",
      "integrity": "sha512-i47mqjF9UbjxJhxGf+pZ6kSxrnI3wBLlnGI2ArWJ4r0VrvDS7ZYXkprq/pLaBWYq4GM0r4zdHY+NNRqEMU7uew=="
    },
    "bit-twiddle": {
      "version": "1.0.2",
      "resolved": "https://registry.npmjs.org/bit-twiddle/-/bit-twiddle-1.0.2.tgz",
      "integrity": "sha1-DGwfq+KyPRcXPZpht7cJPrnhdp4="
    },
    "brace-expansion": {
      "version": "1.1.11",
      "resolved": "https://registry.npmjs.org/brace-expansion/-/brace-expansion-1.1.11.tgz",
      "integrity": "sha512-iCuPHDFgrHX7H2vEI/5xpz07zSHB00TpugqhmYtVmMO6518mCuRMoOYFldEBl0g187ufozdaHgWKcYFb61qGiA==",
      "requires": {
        "balanced-match": "^1.0.0",
        "concat-map": "0.0.1"
      }
    },
    "buffer-from": {
      "version": "1.1.1",
      "resolved": "https://registry.npmjs.org/buffer-from/-/buffer-from-1.1.1.tgz",
      "integrity": "sha512-MQcXEUbCKtEo7bhqEs6560Hyd4XaovZlO/k9V3hjVUF/zwW7KBVdSK4gIt/bzwS9MbR5qob+F5jusZsb0YQK2A=="
    },
    "camelcase": {
      "version": "1.2.1",
      "resolved": "https://registry.npmjs.org/camelcase/-/camelcase-1.2.1.tgz",
      "integrity": "sha1-m7UwTS4LVmmLLHWLCKPqqdqlijk="
    },
    "center-align": {
      "version": "0.1.3",
      "resolved": "https://registry.npmjs.org/center-align/-/center-align-0.1.3.tgz",
      "integrity": "sha1-qg0yYptu6XIgBBHL1EYckHvCt60=",
      "requires": {
        "align-text": "^0.1.3",
        "lazy-cache": "^1.0.3"
      }
    },
    "chownr": {
      "version": "1.1.1",
      "resolved": "https://registry.npmjs.org/chownr/-/chownr-1.1.1.tgz",
      "integrity": "sha512-j38EvO5+LHX84jlo6h4UzmOwi0UgW61WRyPtJz4qaadK5eY3BTS5TY/S1Stc3Uk2lIM6TPevAlULiEJwie860g=="
    },
    "cliui": {
      "version": "2.1.0",
      "resolved": "https://registry.npmjs.org/cliui/-/cliui-2.1.0.tgz",
      "integrity": "sha1-S0dXYP+AJkx2LDoXGQMukcf+oNE=",
      "requires": {
        "center-align": "^0.1.1",
        "right-align": "^0.1.1",
        "wordwrap": "0.0.2"
      }
    },
    "colormap": {
      "version": "1.3.1",
      "resolved": "https://registry.npmjs.org/colormap/-/colormap-1.3.1.tgz",
      "integrity": "sha1-b9K6VkrM2YSQ9p76/T6/B1nvXoI=",
      "requires": {
        "arraytools": "^1.0.0"
      }
    },
    "concat-map": {
      "version": "0.0.1",
      "resolved": "https://registry.npmjs.org/concat-map/-/concat-map-0.0.1.tgz",
      "integrity": "sha1-2Klr13/Wjfd5OnMDajug1UBdR3s="
    },
    "concat-stream": {
      "version": "1.6.2",
      "resolved": "https://registry.npmjs.org/concat-stream/-/concat-stream-1.6.2.tgz",
      "integrity": "sha512-27HBghJxjiZtIk3Ycvn/4kbJk/1uZuJFfuPEns6LaEvpvG1f0hTea8lilrouyo9mVc2GWdcEZ8OLoGmSADlrCw==",
      "requires": {
        "buffer-from": "^1.0.0",
        "inherits": "^2.0.3",
        "readable-stream": "^2.2.2",
        "typedarray": "^0.0.6"
      },
      "dependencies": {
        "readable-stream": {
          "version": "2.3.6",
          "resolved": "https://registry.npmjs.org/readable-stream/-/readable-stream-2.3.6.tgz",
          "integrity": "sha512-tQtKA9WIAhBF3+VLAseyMqZeBjW0AHJoxOtYqSUZNJxauErmLbVm2FW1y+J/YA9dUrAC39ITejlZWhVIwawkKw==",
          "requires": {
            "core-util-is": "~1.0.0",
            "inherits": "~2.0.3",
            "isarray": "~1.0.0",
            "process-nextick-args": "~2.0.0",
            "safe-buffer": "~5.1.1",
            "string_decoder": "~1.1.1",
            "util-deprecate": "~1.0.1"
          }
        }
      }
    },
    "console-image": {
      "version": "0.0.0",
      "resolved": "https://registry.npmjs.org/console-image/-/console-image-0.0.0.tgz",
      "integrity": "sha1-T29kfCrPYadrbvgDXXqfxFH6IEg="
    },
    "core-util-is": {
      "version": "1.0.2",
      "resolved": "https://registry.npmjs.org/core-util-is/-/core-util-is-1.0.2.tgz",
      "integrity": "sha1-tf1UIgqivFq1eqtxQMlAdUUDwac="
    },
    "cwise": {
      "version": "1.0.10",
      "resolved": "https://registry.npmjs.org/cwise/-/cwise-1.0.10.tgz",
      "integrity": "sha1-JO7mBy69/WuMb12tsXCQtkmxK+8=",
      "requires": {
        "cwise-compiler": "^1.1.1",
        "cwise-parser": "^1.0.0",
        "static-module": "^1.0.0",
        "uglify-js": "^2.6.0"
      }
    },
    "cwise-compiler": {
      "version": "1.1.3",
      "resolved": "https://registry.npmjs.org/cwise-compiler/-/cwise-compiler-1.1.3.tgz",
      "integrity": "sha1-9NZnQQ6FDToxOn0tt7HlBbsDTMU=",
      "requires": {
        "uniq": "^1.0.0"
      }
    },
    "cwise-parser": {
      "version": "1.0.3",
      "resolved": "https://registry.npmjs.org/cwise-parser/-/cwise-parser-1.0.3.tgz",
      "integrity": "sha1-jkk8F9VPl8sDCp6YVLyGyd+zVP4=",
      "requires": {
        "esprima": "^1.0.3",
        "uniq": "^1.0.0"
      }
    },
    "debug": {
      "version": "3.2.6",
      "resolved": "https://registry.npmjs.org/debug/-/debug-3.2.6.tgz",
      "integrity": "sha512-mel+jf7nrtEl5Pn1Qx46zARXKDpBbvzezse7p7LqINmdoIk8PYP5SySaxEmYv6TZ0JyEKA1hsCId6DIhgITtWQ==",
      "requires": {
        "ms": "^2.1.1"
      }
    },
    "decamelize": {
      "version": "1.2.0",
      "resolved": "https://registry.npmjs.org/decamelize/-/decamelize-1.2.0.tgz",
      "integrity": "sha1-9lNNFRSCabIDUue+4m9QH5oZEpA="
    },
    "dup": {
      "version": "1.0.0",
      "resolved": "https://registry.npmjs.org/dup/-/dup-1.0.0.tgz",
      "integrity": "sha1-UfxaxoX4GWRp3wuQXpNLIK9bQCk="
    },
    "duplexer2": {
      "version": "0.0.2",
      "resolved": "https://registry.npmjs.org/duplexer2/-/duplexer2-0.0.2.tgz",
      "integrity": "sha1-xhTc9n4vsUmVqRcR5aYX6KYKMds=",
      "requires": {
        "readable-stream": "~1.1.9"
      },
      "dependencies": {
        "isarray": {
          "version": "0.0.1",
          "resolved": "https://registry.npmjs.org/isarray/-/isarray-0.0.1.tgz",
          "integrity": "sha1-ihis/Kmo9Bd+Cav8YDiTmwXR7t8="
        },
        "readable-stream": {
          "version": "1.1.14",
          "resolved": "https://registry.npmjs.org/readable-stream/-/readable-stream-1.1.14.tgz",
          "integrity": "sha1-fPTFTvZI44EwhMY23SB54WbAgdk=",
          "requires": {
            "core-util-is": "~1.0.0",
            "inherits": "~2.0.1",
            "isarray": "0.0.1",
            "string_decoder": "~0.10.x"
          }
        },
        "string_decoder": {
          "version": "0.10.31",
          "resolved": "https://registry.npmjs.org/string_decoder/-/string_decoder-0.10.31.tgz",
          "integrity": "sha1-YuIDvEF2bGwoyfyEMB2rHFMQ+pQ="
        }
      }
    },
    "es6-promise": {
      "version": "4.2.6",
      "resolved": "https://registry.npmjs.org/es6-promise/-/es6-promise-4.2.6.tgz",
      "integrity": "sha512-aRVgGdnmW2OiySVPUC9e6m+plolMAJKjZnQlCwNSuK5yQ0JN61DZSO1X1Ufd1foqWRAlig0rhduTCHe7sVtK5Q=="
    },
    "es6-promisify": {
      "version": "5.0.0",
      "resolved": "https://registry.npmjs.org/es6-promisify/-/es6-promisify-5.0.0.tgz",
      "integrity": "sha1-UQnWLz5W6pZ8S2NQWu8IKRyKUgM=",
      "requires": {
        "es6-promise": "^4.0.3"
      }
    },
    "escodegen": {
      "version": "1.3.3",
      "resolved": "https://registry.npmjs.org/escodegen/-/escodegen-1.3.3.tgz",
      "integrity": "sha1-8CQBb1qI4Eb9EgBQVek5gC5sXyM=",
      "requires": {
        "esprima": "~1.1.1",
        "estraverse": "~1.5.0",
        "esutils": "~1.0.0",
        "source-map": "~0.1.33"
      },
      "dependencies": {
        "esprima": {
          "version": "1.1.1",
          "resolved": "https://registry.npmjs.org/esprima/-/esprima-1.1.1.tgz",
          "integrity": "sha1-W28VR/TRAuZw4UDFCb5ncdautUk="
        }
      }
    },
    "esprima": {
      "version": "1.2.5",
      "resolved": "https://registry.npmjs.org/esprima/-/esprima-1.2.5.tgz",
      "integrity": "sha1-CZNQL+r2aBODJXVvMPmlH+7sEek="
    },
    "estraverse": {
      "version": "1.5.1",
      "resolved": "https://registry.npmjs.org/estraverse/-/estraverse-1.5.1.tgz",
      "integrity": "sha1-hno+jlip+EYYr7bC3bzZFrfLr3E="
    },
    "esutils": {
      "version": "1.0.0",
      "resolved": "https://registry.npmjs.org/esutils/-/esutils-1.0.0.tgz",
      "integrity": "sha1-gVHTWOIMisx/t0XnRywAJf5JZXA="
    },
    "falafel": {
      "version": "2.1.0",
      "resolved": "https://registry.npmjs.org/falafel/-/falafel-2.1.0.tgz",
      "integrity": "sha1-lrsXdh2rqU9G0AFzizzt86Z/4Gw=",
      "requires": {
        "acorn": "^5.0.0",
        "foreach": "^2.0.5",
        "isarray": "0.0.1",
        "object-keys": "^1.0.6"
      },
      "dependencies": {
        "isarray": {
          "version": "0.0.1",
          "resolved": "https://registry.npmjs.org/isarray/-/isarray-0.0.1.tgz",
          "integrity": "sha1-ihis/Kmo9Bd+Cav8YDiTmwXR7t8="
        }
      }
    },
    "foreach": {
      "version": "2.0.5",
      "resolved": "https://registry.npmjs.org/foreach/-/foreach-2.0.5.tgz",
      "integrity": "sha1-C+4AUBiusmDQo6865ljdATbsG5k="
    },
    "fs-minipass": {
      "version": "1.2.5",
      "resolved": "https://registry.npmjs.org/fs-minipass/-/fs-minipass-1.2.5.tgz",
      "integrity": "sha512-JhBl0skXjUPCFH7x6x61gQxrKyXsxB5gcgePLZCwfyCGGsTISMoIeObbrvVeP6Xmyaudw4TT43qV2Gz+iyd2oQ==",
      "requires": {
        "minipass": "^2.2.1"
      }
    },
    "fs.realpath": {
      "version": "1.0.0",
      "resolved": "https://registry.npmjs.org/fs.realpath/-/fs.realpath-1.0.0.tgz",
      "integrity": "sha1-FQStJSMVjKpA20onh8sBQRmU6k8="
    },
    "function-bind": {
      "version": "1.1.1",
      "resolved": "https://registry.npmjs.org/function-bind/-/function-bind-1.1.1.tgz",
      "integrity": "sha512-yIovAzMX49sF8Yl58fSCWJ5svSLuaibPxXQJFLmBObTuCr0Mf1KiPopGM9NiFjiYBCbfaa2Fh6breQ6ANVTI0A=="
    },
    "glob": {
      "version": "7.1.3",
      "resolved": "https://registry.npmjs.org/glob/-/glob-7.1.3.tgz",
      "integrity": "sha512-vcfuiIxogLV4DlGBHIUOwI0IbrJ8HWPc4MU7HzviGeNho/UJDfi6B5p3sHeWIQ0KGIU0Jpxi5ZHxemQfLkkAwQ==",
      "requires": {
        "fs.realpath": "^1.0.0",
        "inflight": "^1.0.4",
        "inherits": "2",
        "minimatch": "^3.0.4",
        "once": "^1.3.0",
        "path-is-absolute": "^1.0.0"
      }
    },
    "has": {
      "version": "1.0.3",
      "resolved": "https://registry.npmjs.org/has/-/has-1.0.3.tgz",
      "integrity": "sha512-f2dvO0VU6Oej7RkWJGrehjbzMAjFp5/VKPp5tTpWIV4JHHZK1/BxbFRtf/siA2SWTe09caDmVtYYzWEIbBS4zw==",
      "requires": {
        "function-bind": "^1.1.1"
      }
    },
    "https-proxy-agent": {
      "version": "2.2.1",
      "resolved": "https://registry.npmjs.org/https-proxy-agent/-/https-proxy-agent-2.2.1.tgz",
      "integrity": "sha512-HPCTS1LW51bcyMYbxUIOO4HEOlQ1/1qRaFWcyxvwaqUS9TY88aoEuHUY33kuAh1YhVVaDQhLZsnPd+XNARWZlQ==",
      "requires": {
        "agent-base": "^4.1.0",
        "debug": "^3.1.0"
      }
    },
    "inflight": {
      "version": "1.0.6",
      "resolved": "https://registry.npmjs.org/inflight/-/inflight-1.0.6.tgz",
      "integrity": "sha1-Sb1jMdfQLQwJvJEKEHW6gWW1bfk=",
      "requires": {
        "once": "^1.3.0",
        "wrappy": "1"
      }
    },
    "inherits": {
      "version": "2.0.3",
      "resolved": "https://registry.npmjs.org/inherits/-/inherits-2.0.3.tgz",
      "integrity": "sha1-Yzwsg+PaQqUC9SRmAiSA9CCCYd4="
    },
    "iota-array": {
      "version": "1.0.0",
      "resolved": "https://registry.npmjs.org/iota-array/-/iota-array-1.0.0.tgz",
      "integrity": "sha1-ge9X/l0FgUzVjCSDYyqZwwoOgIc="
    },
    "is-buffer": {
      "version": "1.1.6",
      "resolved": "https://registry.npmjs.org/is-buffer/-/is-buffer-1.1.6.tgz",
      "integrity": "sha512-NcdALwpXkTm5Zvvbk7owOUSvVvBKDgKP5/ewfXEznmQFfs4ZRmanOeKBTjRVjka3QFoN6XJ+9F3USqfHqTaU5w=="
    },
    "isarray": {
      "version": "1.0.0",
      "resolved": "https://registry.npmjs.org/isarray/-/isarray-1.0.0.tgz",
      "integrity": "sha1-u5NdSFgsuhaMBoNJV6VKPgcSTxE="
    },
    "kind-of": {
      "version": "3.2.2",
      "resolved": "https://registry.npmjs.org/kind-of/-/kind-of-3.2.2.tgz",
      "integrity": "sha1-MeohpzS6ubuw8yRm2JOupR5KPGQ=",
      "requires": {
        "is-buffer": "^1.1.5"
      }
    },
    "lazy-cache": {
      "version": "1.0.4",
      "resolved": "https://registry.npmjs.org/lazy-cache/-/lazy-cache-1.0.4.tgz",
      "integrity": "sha1-odePw6UEdMuAhF07O24dpJpEbo4="
    },
    "longest": {
      "version": "1.0.1",
      "resolved": "https://registry.npmjs.org/longest/-/longest-1.0.1.tgz",
      "integrity": "sha1-MKCy2jj3N3DoKUoNIuZiXtd9AJc="
    },
    "luminance": {
      "version": "1.0.3",
      "resolved": "https://registry.npmjs.org/luminance/-/luminance-1.0.3.tgz",
      "integrity": "sha1-AdulpqCs4xY/JyASEn4tP64fnmg=",
      "requires": {
        "cwise": "^1.0.0",
        "ndarray": "^1.0.13"
      }
    },
    "minimatch": {
      "version": "3.0.4",
      "resolved": "https://registry.npmjs.org/minimatch/-/minimatch-3.0.4.tgz",
      "integrity": "sha512-yJHVQEhyqPLUTgt9B83PXu6W3rx4MvvHvSUvToogpwoGDOUQ+yDrR0HRot+yOCdCO7u4hX3pWft6kWBBcqh0UA==",
      "requires": {
        "brace-expansion": "^1.1.7"
      }
    },
    "minimist": {
      "version": "0.0.8",
      "resolved": "https://registry.npmjs.org/minimist/-/minimist-0.0.8.tgz",
      "integrity": "sha1-hX/Kv8M5fSYluCKCYuhqp6ARsF0="
    },
    "minipass": {
      "version": "2.3.5",
      "resolved": "https://registry.npmjs.org/minipass/-/minipass-2.3.5.tgz",
      "integrity": "sha512-Gi1W4k059gyRbyVUZQ4mEqLm0YIUiGYfvxhF6SIlk3ui1WVxMTGfGdQ2SInh3PDrRTVvPKgULkpJtT4RH10+VA==",
      "requires": {
        "safe-buffer": "^5.1.2",
        "yallist": "^3.0.0"
      }
    },
    "minizlib": {
      "version": "1.2.1",
      "resolved": "https://registry.npmjs.org/minizlib/-/minizlib-1.2.1.tgz",
      "integrity": "sha512-7+4oTUOWKg7AuL3vloEWekXY2/D20cevzsrNT2kGWm+39J9hGTCBv8VI5Pm5lXZ/o3/mdR4f8rflAPhnQb8mPA==",
      "requires": {
        "minipass": "^2.2.1"
      }
    },
    "mkdirp": {
      "version": "0.5.1",
      "resolved": "https://registry.npmjs.org/mkdirp/-/mkdirp-0.5.1.tgz",
      "integrity": "sha1-MAV0OOrGz3+MR2fzhkjWaX11yQM=",
      "requires": {
        "minimist": "0.0.8"
      }
    },
    "ms": {
      "version": "2.1.1",
      "resolved": "https://registry.npmjs.org/ms/-/ms-2.1.1.tgz",
      "integrity": "sha512-tgp+dl5cGk28utYktBsrFqA7HKgrhgPsg6Z/EfhWI4gl1Hwq8B/GmY/0oXZ6nF8hDVesS/FpnYaD/kOWhYQvyg=="
    },
    "ndarray": {
      "version": "1.0.18",
      "resolved": "https://registry.npmjs.org/ndarray/-/ndarray-1.0.18.tgz",
      "integrity": "sha1-tg06cyJOxVXQ+qeXEeUCRI/T95M=",
      "requires": {
        "iota-array": "^1.0.0",
        "is-buffer": "^1.0.2"
      }
    },
    "ndarray-imshow": {
      "version": "1.0.1",
      "resolved": "https://registry.npmjs.org/ndarray-imshow/-/ndarray-imshow-1.0.1.tgz",
      "integrity": "sha1-SKwAX78MSU7z1lC7HsrH4sQr40k=",
      "requires": {
        "apply-colormap": "^1.0.0",
        "console-image": "0.0.0",
        "luminance": "^1.0.2",
        "ndarray": "^1.0.10",
        "ndarray-ops": "^1.2.1",
        "open": "0.0.4",
        "save-pixels": "^1.0.0",
        "temporary": "~0.0.8",
        "typedarray-pool": "^1.0.0"
      }
    },
    "ndarray-ops": {
      "version": "1.2.2",
      "resolved": "https://registry.npmjs.org/ndarray-ops/-/ndarray-ops-1.2.2.tgz",
      "integrity": "sha1-WeiNLDKn7ryxvGkPrhQVeVV6YU4=",
      "requires": {
        "cwise-compiler": "^1.0.0"
      }
    },
    "node-fetch": {
      "version": "2.1.2",
      "resolved": "https://registry.npmjs.org/node-fetch/-/node-fetch-2.1.2.tgz",
      "integrity": "sha1-q4hOjn5X44qUR1POxwb3iNF2i7U="
    },
    "object-inspect": {
      "version": "0.4.0",
      "resolved": "https://registry.npmjs.org/object-inspect/-/object-inspect-0.4.0.tgz",
      "integrity": "sha1-9RV8EWwUVbJDsG7pdwM5LFrYn+w="
    },
    "object-keys": {
      "version": "1.1.1",
      "resolved": "https://registry.npmjs.org/object-keys/-/object-keys-1.1.1.tgz",
      "integrity": "sha512-NuAESUOUMrlIXOfHKzD6bpPu3tYt3xvjNdRIQ+FeT0lNb4K8WR70CaDxhuNguS2XG+GjkyMwOzsN5ZktImfhLA=="
    },
    "once": {
      "version": "1.4.0",
      "resolved": "https://registry.npmjs.org/once/-/once-1.4.0.tgz",
      "integrity": "sha1-WDsap3WWHUsROsF9nFC6753Xa9E=",
      "requires": {
        "wrappy": "1"
      }
    },
    "open": {
      "version": "0.0.4",
      "resolved": "https://registry.npmjs.org/open/-/open-0.0.4.tgz",
      "integrity": "sha1-XeRqCFi59J+fIRqo8mYoVQZX8mI="
    },
    "package": {
      "version": "1.0.1",
      "resolved": "https://registry.npmjs.org/package/-/package-1.0.1.tgz",
      "integrity": "sha1-0lofmeJQbcsn1nBLg9yooxLk7cw="
    },
    "path-is-absolute": {
      "version": "1.0.1",
      "resolved": "https://registry.npmjs.org/path-is-absolute/-/path-is-absolute-1.0.1.tgz",
      "integrity": "sha1-F0uSaHNVNP+8es5r9TpanhtcX18="
    },
    "pngjs": {
      "version": "0.4.0",
      "resolved": "https://registry.npmjs.org/pngjs/-/pngjs-0.4.0.tgz",
      "integrity": "sha1-KUBxrcGytgv9SspNvkdZvM7m/Xc="
    },
    "process-nextick-args": {
      "version": "2.0.0",
      "resolved": "https://registry.npmjs.org/process-nextick-args/-/process-nextick-args-2.0.0.tgz",
      "integrity": "sha512-MtEC1TqN0EU5nephaJ4rAtThHtC86dNN9qCuEhtshvpVBkAW5ZO7BASN9REnF9eoXGcRub+pFuKEpOHE+HbEMw=="
    },
    "progress": {
      "version": "2.0.3",
      "resolved": "https://registry.npmjs.org/progress/-/progress-2.0.3.tgz",
      "integrity": "sha512-7PiHtLll5LdnKIMw100I+8xJXR5gW2QwWYkT6iJva0bXitZKa/XMrSbdmg3r2Xnaidz9Qumd0VPaMrZlF9V9sA=="
    },
    "quote-stream": {
      "version": "0.0.0",
      "resolved": "https://registry.npmjs.org/quote-stream/-/quote-stream-0.0.0.tgz",
      "integrity": "sha1-zeKelMQJsW4Z3HCYuJtmWPlyHTs=",
      "requires": {
        "minimist": "0.0.8",
        "through2": "~0.4.1"
      }
    },
    "readable-stream": {
      "version": "1.0.34",
      "resolved": "https://registry.npmjs.org/readable-stream/-/readable-stream-1.0.34.tgz",
      "integrity": "sha1-Elgg40vIQtLyqq+v5MKRbuMsFXw=",
      "requires": {
        "core-util-is": "~1.0.0",
        "inherits": "~2.0.1",
        "isarray": "0.0.1",
        "string_decoder": "~0.10.x"
      },
      "dependencies": {
        "isarray": {
          "version": "0.0.1",
          "resolved": "https://registry.npmjs.org/isarray/-/isarray-0.0.1.tgz",
          "integrity": "sha1-ihis/Kmo9Bd+Cav8YDiTmwXR7t8="
        },
        "string_decoder": {
          "version": "0.10.31",
          "resolved": "https://registry.npmjs.org/string_decoder/-/string_decoder-0.10.31.tgz",
          "integrity": "sha1-YuIDvEF2bGwoyfyEMB2rHFMQ+pQ="
        }
      }
    },
    "repeat-string": {
      "version": "1.6.1",
      "resolved": "https://registry.npmjs.org/repeat-string/-/repeat-string-1.6.1.tgz",
      "integrity": "sha1-jcrkcOHIirwtYA//Sndihtp15jc="
    },
    "right-align": {
      "version": "0.1.3",
      "resolved": "https://registry.npmjs.org/right-align/-/right-align-0.1.3.tgz",
      "integrity": "sha1-YTObci/mo1FWiSENJOFMlhSGE+8=",
      "requires": {
        "align-text": "^0.1.1"
      }
    },
    "rimraf": {
      "version": "2.6.3",
      "resolved": "https://registry.npmjs.org/rimraf/-/rimraf-2.6.3.tgz",
      "integrity": "sha512-mwqeW5XsA2qAejG46gYdENaxXjx9onRNCfn7L0duuP4hCuTIi/QO7PDK07KJfp1d+izWPrzEJDcSqBa0OZQriA==",
      "requires": {
        "glob": "^7.1.3"
      }
    },
    "safe-buffer": {
      "version": "5.1.2",
      "resolved": "https://registry.npmjs.org/safe-buffer/-/safe-buffer-5.1.2.tgz",
      "integrity": "sha512-Gd2UZBJDkXlY7GbJxfsE8/nvKkUEU1G38c1siN6QP6a9PT9MmHB8GnpscSmMJSoF8LOIrt8ud/wPtojys4G6+g=="
    },
    "save-pixels": {
      "version": "1.0.0",
      "resolved": "https://registry.npmjs.org/save-pixels/-/save-pixels-1.0.0.tgz",
      "integrity": "sha1-bQsGXoveL2dp6faI63s70sE0F14=",
      "requires": {
        "pngjs": "~0.4.0-alpha",
        "through": "^2.3.4"
      }
    },
    "seedrandom": {
      "version": "2.4.3",
      "resolved": "https://registry.npmjs.org/seedrandom/-/seedrandom-2.4.3.tgz",
      "integrity": "sha1-JDhQTa0zkXMUv/GKxNeU8W1qrsw="
    },
    "shallow-copy": {
      "version": "0.0.1",
      "resolved": "https://registry.npmjs.org/shallow-copy/-/shallow-copy-0.0.1.tgz",
      "integrity": "sha1-QV9CcC1z2BAzApLMXuhurhoRoXA="
    },
    "source-map": {
      "version": "0.1.43",
      "resolved": "https://registry.npmjs.org/source-map/-/source-map-0.1.43.tgz",
      "integrity": "sha1-wkvBRspRfBRx9drL4lcbK3+eM0Y=",
      "optional": true,
      "requires": {
        "amdefine": ">=0.0.4"
      }
    },
    "static-eval": {
      "version": "0.2.4",
      "resolved": "https://registry.npmjs.org/static-eval/-/static-eval-0.2.4.tgz",
      "integrity": "sha1-t9NNg4k3uWn5ZBygfUj47eJj6ns=",
      "requires": {
        "escodegen": "~0.0.24"
      },
      "dependencies": {
        "escodegen": {
          "version": "0.0.28",
          "resolved": "https://registry.npmjs.org/escodegen/-/escodegen-0.0.28.tgz",
          "integrity": "sha1-Dk/xcV8yh3XWyrUaxEpAbNer/9M=",
          "requires": {
            "esprima": "~1.0.2",
            "estraverse": "~1.3.0",
            "source-map": ">= 0.1.2"
          }
        },
        "esprima": {
          "version": "1.0.4",
          "resolved": "https://registry.npmjs.org/esprima/-/esprima-1.0.4.tgz",
          "integrity": "sha1-n1V+CPw7TSbs6d00+Pv0drYlha0="
        },
        "estraverse": {
          "version": "1.3.2",
          "resolved": "https://registry.npmjs.org/estraverse/-/estraverse-1.3.2.tgz",
          "integrity": "sha1-N8K4k+8T1yPydth41g2FNRUqbEI="
        }
      }
    },
    "static-module": {
      "version": "1.5.0",
      "resolved": "https://registry.npmjs.org/static-module/-/static-module-1.5.0.tgz",
      "integrity": "sha1-J9qYg8QajNCSNvhC8MHrxu32PYY=",
      "requires": {
        "concat-stream": "~1.6.0",
        "duplexer2": "~0.0.2",
        "escodegen": "~1.3.2",
        "falafel": "^2.1.0",
        "has": "^1.0.0",
        "object-inspect": "~0.4.0",
        "quote-stream": "~0.0.0",
        "readable-stream": "~1.0.27-1",
        "shallow-copy": "~0.0.1",
        "static-eval": "~0.2.0",
        "through2": "~0.4.1"
      }
    },
    "string_decoder": {
      "version": "1.1.1",
      "resolved": "https://registry.npmjs.org/string_decoder/-/string_decoder-1.1.1.tgz",
      "integrity": "sha512-n/ShnvDi6FHbbVfviro+WojiFzv+s8MPMHBczVePfUpDJLwoLT0ht1l4YwBCbi8pJAveEEdnkHyPyTP/mzRfwg==",
      "requires": {
        "safe-buffer": "~5.1.0"
      }
    },
    "tar": {
      "version": "4.4.8",
      "resolved": "https://registry.npmjs.org/tar/-/tar-4.4.8.tgz",
      "integrity": "sha512-LzHF64s5chPQQS0IYBn9IN5h3i98c12bo4NCO7e0sGM2llXQ3p2FGC5sdENN4cTW48O915Sh+x+EXx7XW96xYQ==",
      "requires": {
        "chownr": "^1.1.1",
        "fs-minipass": "^1.2.5",
        "minipass": "^2.3.4",
        "minizlib": "^1.1.1",
        "mkdirp": "^0.5.0",
        "safe-buffer": "^5.1.2",
        "yallist": "^3.0.2"
      }
    },
    "temporary": {
      "version": "0.0.8",
      "resolved": "https://registry.npmjs.org/temporary/-/temporary-0.0.8.tgz",
      "integrity": "sha1-oYqYHSi6jKNgJ/s8MFOMPst0CsA=",
      "requires": {
        "package": ">= 1.0.0 < 1.2.0"
      }
    },
    "through": {
      "version": "2.3.8",
      "resolved": "https://registry.npmjs.org/through/-/through-2.3.8.tgz",
      "integrity": "sha1-DdTJ/6q8NXlgsbckEV1+Doai4fU="
    },
    "through2": {
      "version": "0.4.2",
      "resolved": "https://registry.npmjs.org/through2/-/through2-0.4.2.tgz",
      "integrity": "sha1-2/WGYDEVHsg1K7bE22SiKSqEC5s=",
      "requires": {
        "readable-stream": "~1.0.17",
        "xtend": "~2.1.1"
      }
    },
    "typedarray": {
      "version": "0.0.6",
      "resolved": "https://registry.npmjs.org/typedarray/-/typedarray-0.0.6.tgz",
      "integrity": "sha1-hnrHTjhkGHsdPUfZlqeOxciDB3c="
    },
    "typedarray-pool": {
      "version": "1.1.0",
      "resolved": "https://registry.npmjs.org/typedarray-pool/-/typedarray-pool-1.1.0.tgz",
      "integrity": "sha1-0RT0hIAUifU+yrXoCIqiMET0mNk=",
      "requires": {
        "bit-twiddle": "^1.0.0",
        "dup": "^1.0.0"
      }
    },
    "uglify-js": {
      "version": "2.8.29",
      "resolved": "https://registry.npmjs.org/uglify-js/-/uglify-js-2.8.29.tgz",
      "integrity": "sha1-KcVzMUgFe7Th913zW3qcty5qWd0=",
      "requires": {
        "source-map": "~0.5.1",
        "uglify-to-browserify": "~1.0.0",
        "yargs": "~3.10.0"
      },
      "dependencies": {
        "source-map": {
          "version": "0.5.7",
          "resolved": "https://registry.npmjs.org/source-map/-/source-map-0.5.7.tgz",
          "integrity": "sha1-igOdLRAh0i0eoUyA2OpGi6LvP8w="
        }
      }
    },
    "uglify-to-browserify": {
      "version": "1.0.2",
      "resolved": "https://registry.npmjs.org/uglify-to-browserify/-/uglify-to-browserify-1.0.2.tgz",
      "integrity": "sha1-bgkk1r2mta/jSeOabWMoUKD4grc=",
      "optional": true
    },
    "uniq": {
      "version": "1.0.1",
      "resolved": "https://registry.npmjs.org/uniq/-/uniq-1.0.1.tgz",
      "integrity": "sha1-sxxa6CVIRKOoKBVBzisEuGWnNP8="
    },
    "util-deprecate": {
      "version": "1.0.2",
      "resolved": "https://registry.npmjs.org/util-deprecate/-/util-deprecate-1.0.2.tgz",
      "integrity": "sha1-RQ1Nyfpw3nMnYvvS1KKJgUGaDM8="
    },
    "window-size": {
      "version": "0.1.0",
      "resolved": "https://registry.npmjs.org/window-size/-/window-size-0.1.0.tgz",
      "integrity": "sha1-VDjNLqk7IC76Ohn+iIeu58lPnJ0="
    },
    "wordwrap": {
      "version": "0.0.2",
      "resolved": "https://registry.npmjs.org/wordwrap/-/wordwrap-0.0.2.tgz",
      "integrity": "sha1-t5Zpu0LstAn4PVg8rVLKF+qhZD8="
    },
    "wrappy": {
      "version": "1.0.2",
      "resolved": "https://registry.npmjs.org/wrappy/-/wrappy-1.0.2.tgz",
      "integrity": "sha1-tSQ9jz7BqjXxNkYFvA0QNuMKtp8="
    },
    "xtend": {
      "version": "2.1.2",
      "resolved": "https://registry.npmjs.org/xtend/-/xtend-2.1.2.tgz",
      "integrity": "sha1-bv7MKk2tjmlixJAbM3znuoe10os=",
      "requires": {
        "object-keys": "~0.4.0"
      },
      "dependencies": {
        "object-keys": {
          "version": "0.4.0",
          "resolved": "https://registry.npmjs.org/object-keys/-/object-keys-0.4.0.tgz",
          "integrity": "sha1-KKaq50KN0sOpLz2V8hM13SBOAzY="
        }
      }
    },
    "yallist": {
      "version": "3.0.3",
      "resolved": "https://registry.npmjs.org/yallist/-/yallist-3.0.3.tgz",
      "integrity": "sha512-S+Zk8DEWE6oKpV+vI3qWkaK+jSbIK86pCwe2IF/xwIpQ8jEuxpw9NyaGjmp9+BoJv5FV2piqCDcoCtStppiq2A=="
    },
    "yargs": {
      "version": "3.10.0",
      "resolved": "https://registry.npmjs.org/yargs/-/yargs-3.10.0.tgz",
      "integrity": "sha1-9+572FfdfB0tOMDnTvvWgdFDH9E=",
      "requires": {
        "camelcase": "^1.0.2",
        "cliui": "^2.1.0",
        "decamelize": "^1.0.0",
        "window-size": "0.1.0"
      }
    }
  }
}
